
Microsoft Visual Studio Solution File, Format Version 12.00
# Visual Studio Version 17
VisualStudioVersion = 17.5.33414.496
MinimumVisualStudioVersion = 10.0.40219.1
Project("{FAE04EC0-301F-11D3-BF4B-00C04F79EFBC}") = "OprecKPL", "OprecKPL.csproj", "{3C78A209-6AC3-4FC4-99A3-D3C3B39FE669}"
EndProject
Global
	GlobalSection(SolutionConfigurationPlatforms) = preSolution
		Debug|Any CPU = Debug|Any CPU
		Release|Any CPU = Release|Any CPU
	EndGlobalSection
	GlobalSection(ProjectConfigurationPlatforms) = postSolution
		{3C78A209-6AC3-4FC4-99A3-D3C3B39FE669}.Debug|Any CPU.ActiveCfg = Debug|Any CPU
		{3C78A209-6AC3-4FC4-99A3-D3C3B39FE669}.Debug|Any CPU.Build.0 = Debug|Any CPU
		{3C78A209-6AC3-4FC4-99A3-D3C3B39FE669}.Release|Any CPU.ActiveCfg = Release|Any CPU
		{3C78A209-6AC3-4FC4-99A3-D3C3B39FE669}.Release|Any CPU.Build.0 = Release|Any CPU
	EndGlobalSection
	GlobalSection(SolutionProperties) = preSolution
		HideSolutionNode = FALSE
	EndGlobalSection
	GlobalSection(ExtensibilityGlobals) = postSolution
		SolutionGuid = {826328F9-38C0-4568-A3A1-9FA6A0C2BE48}
	EndGlobalSection
EndGlobal
